
Microsoft Visual Studio Solution File, Format Version 12.00
# Visual Studio Version 17
VisualStudioVersion = 17.11.35327.3
MinimumVisualStudioVersion = 10.0.40219.1
Project("{FAE04EC0-301F-11D3-BF4B-00C04F79EFBC}") = "FoodieHub.EntityLayer", "FoodieHub.EntityLayer\FoodieHub.EntityLayer.csproj", "{3717C901-4178-46FE-9EC3-778A678FC992}"
EndProject
Global
	GlobalSection(SolutionConfigurationPlatforms) = preSolution
		Debug|Any CPU = Debug|Any CPU
		Release|Any CPU = Release|Any CPU
	EndGlobalSection
	GlobalSection(ProjectConfigurationPlatforms) = postSolution
		{3717C901-4178-46FE-9EC3-778A678FC992}.Debug|Any CPU.ActiveCfg = Debug|Any CPU
		{3717C901-4178-46FE-9EC3-778A678FC992}.Debug|Any CPU.Build.0 = Debug|Any CPU
		{3717C901-4178-46FE-9EC3-778A678FC992}.Release|Any CPU.ActiveCfg = Release|Any CPU
		{3717C901-4178-46FE-9EC3-778A678FC992}.Release|Any CPU.Build.0 = Release|Any CPU
	EndGlobalSection
	GlobalSection(SolutionProperties) = preSolution
		HideSolutionNode = FALSE
	EndGlobalSection
	GlobalSection(ExtensibilityGlobals) = postSolution
		SolutionGuid = {032AABD1-A352-41D5-BE25-CA8C377B4AF6}
	EndGlobalSection
EndGlobal
